
Microsoft Visual Studio Solution File, Format Version 12.00
# Visual Studio Version 16
VisualStudioVersion = 16.0.31229.75
MinimumVisualStudioVersion = 10.0.40219.1
Project("{2150E333-8FDC-42A3-9474-1A3956D46DE8}") = "Solution Items", "Solution Items", "{D510D40F-058D-467F-836A-B981CCB36A02}"
	ProjectSection(SolutionItems) = preProject
		Program.cs = Program.cs
	EndProjectSection
EndProject
Project("{FAE04EC0-301F-11D3-BF4B-00C04F79EFBC}") = "RiotApiWindowsForm", "RiotApiWindowsForm\RiotApiWindowsForm.csproj", "{13E0BA20-5667-4C91-B998-FC2FEE42349A}"
EndProject
Global
	GlobalSection(SolutionConfigurationPlatforms) = preSolution
		Debug|Any CPU = Debug|Any CPU
		Release|Any CPU = Release|Any CPU
	EndGlobalSection
	GlobalSection(ProjectConfigurationPlatforms) = postSolution
		{13E0BA20-5667-4C91-B998-FC2FEE42349A}.Debug|Any CPU.ActiveCfg = Debug|Any CPU
		{13E0BA20-5667-4C91-B998-FC2FEE42349A}.Debug|Any CPU.Build.0 = Debug|Any CPU
		{13E0BA20-5667-4C91-B998-FC2FEE42349A}.Release|Any CPU.ActiveCfg = Release|Any CPU
		{13E0BA20-5667-4C91-B998-FC2FEE42349A}.Release|Any CPU.Build.0 = Release|Any CPU
	EndGlobalSection
	GlobalSection(SolutionProperties) = preSolution
		HideSolutionNode = FALSE
	EndGlobalSection
	GlobalSection(ExtensibilityGlobals) = postSolution
		SolutionGuid = {C566C069-0404-4050-9665-E08E78D09CC2}
	EndGlobalSection
EndGlobal
